// !$*UTF8*$!
{
	archiveVersion = 1;
	classes = {
	};
	objectVersion = 55;
	objects = {

/* Begin PBXBuildFile section */
		68046A84282332A700F685E9 /* LoyerDetailView.swift in Sources */ = {isa = PBXBuildFile; fileRef = 68046A83282332A700F685E9 /* LoyerDetailView.swift */; };
		68046A862823337C00F685E9 /* Loyer.swift in Sources */ = {isa = PBXBuildFile; fileRef = 68046A852823337C00F685E9 /* Loyer.swift */; };
		68046A882823341700F685E9 /* LoyerCreationView.swift in Sources */ = {isa = PBXBuildFile; fileRef = 68046A872823341700F685E9 /* LoyerCreationView.swift */; };
		68046A8A2823FC6400F685E9 /* Authentification.swift in Sources */ = {isa = PBXBuildFile; fileRef = 68046A892823FC6400F685E9 /* Authentification.swift */; };
		891B54802824005B00133CBF /* gestionloyer.db in Resources */ = {isa = PBXBuildFile; fileRef = 891B547F2824005A00133CBF /* gestionloyer.db */; };
		89C9DC8A2817180B0080BFF3 /* UnitiAppApp.swift in Sources */ = {isa = PBXBuildFile; fileRef = 89C9DC892817180B0080BFF3 /* UnitiAppApp.swift */; };
		89C9DC8C2817180B0080BFF3 /* ContentView.swift in Sources */ = {isa = PBXBuildFile; fileRef = 89C9DC8B2817180B0080BFF3 /* ContentView.swift */; };
		89C9DC8E2817180C0080BFF3 /* Assets.xcassets in Resources */ = {isa = PBXBuildFile; fileRef = 89C9DC8D2817180C0080BFF3 /* Assets.xcassets */; };
		89C9DC912817180C0080BFF3 /* Preview Assets.xcassets in Resources */ = {isa = PBXBuildFile; fileRef = 89C9DC902817180C0080BFF3 /* Preview Assets.xcassets */; };
		89C9DCA92817221A0080BFF3 /* GestionBD.swift in Sources */ = {isa = PBXBuildFile; fileRef = 89C9DCA82817221A0080BFF3 /* GestionBD.swift */; };
/* End PBXBuildFile section */

/* Begin PBXFileReference section */
		68046A83282332A700F685E9 /* LoyerDetailView.swift */ = {isa = PBXFileReference; fileEncoding = 4; lastKnownFileType = sourcecode.swift; path = LoyerDetailView.swift; sourceTree = "<group>"; };
		68046A852823337C00F685E9 /* Loyer.swift */ = {isa = PBXFileReference; lastKnownFileType = sourcecode.swift; path = Loyer.swift; sourceTree = "<group>"; };
		68046A872823341700F685E9 /* LoyerCreationView.swift */ = {isa = PBXFileReference; lastKnownFileType = sourcecode.swift; path = LoyerCreationView.swift; sourceTree = "<group>"; };
		68046A892823FC6400F685E9 /* Authentification.swift */ = {isa = PBXFileReference; fileEncoding = 4; lastKnownFileType = sourcecode.swift; path = Authentification.swift; sourceTree = "<group>"; };
		891B547F2824005A00133CBF /* gestionloyer.db */ = {isa = PBXFileReference; lastKnownFileType = file; name = gestionloyer.db; path = Dev/gestionloyer.db; sourceTree = SOURCE_ROOT; };
		89C9DC862817180B0080BFF3 /* Jonathan Cote.app */ = {isa = PBXFileReference; explicitFileType = wrapper.application; includeInIndex = 0; path = "Jonathan Cote.app"; sourceTree = BUILT_PRODUCTS_DIR; };
		89C9DC892817180B0080BFF3 /* UnitiAppApp.swift */ = {isa = PBXFileReference; lastKnownFileType = sourcecode.swift; path = UnitiAppApp.swift; sourceTree = "<group>"; };
		89C9DC8B2817180B0080BFF3 /* ContentView.swift */ = {isa = PBXFileReference; lastKnownFileType = sourcecode.swift; path = ContentView.swift; sourceTree = "<group>"; };
		89C9DC8D2817180C0080BFF3 /* Assets.xcassets */ = {isa = PBXFileReference; lastKnownFileType = folder.assetcatalog; path = Assets.xcassets; sourceTree = "<group>"; };
		89C9DC902817180C0080BFF3 /* Preview Assets.xcassets */ = {isa = PBXFileReference; lastKnownFileType = folder.assetcatalog; path = "Preview Assets.xcassets"; sourceTree = "<group>"; };
		89C9DCA82817221A0080BFF3 /* GestionBD.swift */ = {isa = PBXFileReference; lastKnownFileType = sourcecode.swift; path = GestionBD.swift; sourceTree = "<group>"; };
/* End PBXFileReference section */

/* Begin PBXFrameworksBuildPhase section */
		89C9DC832817180B0080BFF3 /* Frameworks */ = {
			isa = PBXFrameworksBuildPhase;
			buildActionMask = 2147483647;
			files = (
			);
			runOnlyForDeploymentPostprocessing = 0;
		};
/* End PBXFrameworksBuildPhase section */

/* Begin PBXGroup section */
		89C9DC7D2817180B0080BFF3 = {
			isa = PBXGroup;
			children = (
				89C9DC882817180B0080BFF3 /* UnitiApp */,
				89C9DC872817180B0080BFF3 /* Products */,
			);
			sourceTree = "<group>";
		};
		89C9DC872817180B0080BFF3 /* Products */ = {
			isa = PBXGroup;
			children = (
				89C9DC862817180B0080BFF3 /* Jonathan Cote.app */,
			);
			name = Products;
			sourceTree = "<group>";
		};
		89C9DC882817180B0080BFF3 /* UnitiApp */ = {
			isa = PBXGroup;
			children = (
				891B547F2824005A00133CBF /* gestionloyer.db */,
				89C9DC9E281719320080BFF3 /* Views */,
				89C9DC9D281719290080BFF3 /* Models */,
				89C9DC9C281719180080BFF3 /* Services */,
				89C9DC892817180B0080BFF3 /* UnitiAppApp.swift */,
				89C9DC8D2817180C0080BFF3 /* Assets.xcassets */,
				89C9DC8F2817180C0080BFF3 /* Preview Content */,
			);
			path = UnitiApp;
			sourceTree = "<group>";
		};
		89C9DC8F2817180C0080BFF3 /* Preview Content */ = {
			isa = PBXGroup;
			children = (
				89C9DC902817180C0080BFF3 /* Preview Assets.xcassets */,
			);
			path = "Preview Content";
			sourceTree = "<group>";
		};
		89C9DC9C281719180080BFF3 /* Services */ = {
			isa = PBXGroup;
			children = (
				68046A892823FC6400F685E9 /* Authentification.swift */,
				89C9DCA82817221A0080BFF3 /* GestionBD.swift */,
			);
			path = Services;
			sourceTree = "<group>";
		};
		89C9DC9D281719290080BFF3 /* Models */ = {
			isa = PBXGroup;
			children = (
				68046A852823337C00F685E9 /* Loyer.swift */,
			);
			path = Models;
			sourceTree = "<group>";
		};
		89C9DC9E281719320080BFF3 /* Views */ = {
			isa = PBXGroup;
			children = (
				68046A83282332A700F685E9 /* LoyerDetailView.swift */,
				89C9DC8B2817180B0080BFF3 /* ContentView.swift */,
				68046A872823341700F685E9 /* LoyerCreationView.swift */,
			);
			path = Views;
			sourceTree = "<group>";
		};
/* End PBXGroup section */

/* Begin PBXNativeTarget section */
		89C9DC852817180B0080BFF3 /* UnitiApp */ = {
			isa = PBXNativeTarget;
			buildConfigurationList = 89C9DC942817180C0080BFF3 /* Build configuration list for PBXNativeTarget "UnitiApp" */;
			buildPhases = (
				89C9DC822817180B0080BFF3 /* Sources */,
				89C9DC832817180B0080BFF3 /* Frameworks */,
				89C9DC842817180B0080BFF3 /* Resources */,
			);
			buildRules = (
			);
			dependencies = (
			);
			name = UnitiApp;
			packageProductDependencies = (
			);
			productName = UnitiApp;
			productReference = 89C9DC862817180B0080BFF3 /* Jonathan Cote.app */;
			productType = "com.apple.product-type.application";
		};
/* End PBXNativeTarget section */

/* Begin PBXProject section */
		89C9DC7E2817180B0080BFF3 /* Project object */ = {
			isa = PBXProject;
			attributes = {
				BuildIndependentTargetsInParallel = 1;
				LastSwiftUpdateCheck = 1320;
				LastUpgradeCheck = 1320;
				TargetAttributes = {
					89C9DC852817180B0080BFF3 = {
						CreatedOnToolsVersion = 13.2.1;
					};
				};
			};
			buildConfigurationList = 89C9DC812817180B0080BFF3 /* Build configuration list for PBXProject "UnitiApp" */;
			compatibilityVersion = "Xcode 13.0";
			developmentRegion = en;
			hasScannedForEncodings = 0;
			knownRegions = (
				en,
				Base,
			);
			mainGroup = 89C9DC7D2817180B0080BFF3;
			packageReferences = (
			);
			productRefGroup = 89C9DC872817180B0080BFF3 /* Products */;
			projectDirPath = "";
			projectRoot = "";
			targets = (
				89C9DC852817180B0080BFF3 /* UnitiApp */,
			);
		};
/* End PBXProject section */

/* Begin PBXResourcesBuildPhase section */
		89C9DC842817180B0080BFF3 /* Resources */ = {
			isa = PBXResourcesBuildPhase;
			buildActionMask = 2147483647;
			files = (
				89C9DC912817180C0080BFF3 /* Preview Assets.xcassets in Resources */,
				89C9DC8E2817180C0080BFF3 /* Assets.xcassets in Resources */,
				891B54802824005B00133CBF /* gestionloyer.db in Resources */,
			);
			runOnlyForDeploymentPostprocessing = 0;
		};
/* End PBXResourcesBuildPhase section */

/* Begin PBXSourcesBuildPhase section */
		89C9DC822817180B0080BFF3 /* Sources */ = {
			isa = PBXSourcesBuildPhase;
			buildActionMask = 2147483647;
			files = (
				68046A8A2823FC6400F685E9 /* Authentification.swift in Sources */,
				68046A862823337C00F685E9 /* Loyer.swift in Sources */,
				68046A84282332A700F685E9 /* LoyerDetailView.swift in Sources */,
				89C9DC8C2817180B0080BFF3 /* ContentView.swift in Sources */,
				89C9DCA92817221A0080BFF3 /* GestionBD.swift in Sources */,
				68046A882823341700F685E9 /* LoyerCreationView.swift in Sources */,
				89C9DC8A2817180B0080BFF3 /* UnitiAppApp.swift in Sources */,
			);
			runOnlyForDeploymentPostprocessing = 0;
		};
/* End PBXSourcesBuildPhase section */

/* Begin XCBuildConfiguration section */
		89C9DC922817180C0080BFF3 /* Debug */ = {
			isa = XCBuildConfiguration;
			buildSettings = {
				ALWAYS_SEARCH_USER_PATHS = NO;
				CLANG_ANALYZER_NONNULL = YES;
				CLANG_ANALYZER_NUMBER_OBJECT_CONVERSION = YES_AGGRESSIVE;
				CLANG_CXX_LANGUAGE_STANDARD = "gnu++17";
				CLANG_CXX_LIBRARY = "libc++";
				CLANG_ENABLE_MODULES = YES;
				CLANG_ENABLE_OBJC_ARC = YES;
				CLANG_ENABLE_OBJC_WEAK = YES;
				CLANG_WARN_BLOCK_CAPTURE_AUTORELEASING = YES;
				CLANG_WARN_BOOL_CONVERSION = YES;
				CLANG_WARN_COMMA = YES;
				CLANG_WARN_CONSTANT_CONVERSION = YES;
				CLANG_WARN_DEPRECATED_OBJC_IMPLEMENTATIONS = YES;
				CLANG_WARN_DIRECT_OBJC_ISA_USAGE = YES_ERROR;
				CLANG_WARN_DOCUMENTATION_COMMENTS = YES;
				CLANG_WARN_EMPTY_BODY = YES;
				CLANG_WARN_ENUM_CONVERSION = YES;
				CLANG_WARN_INFINITE_RECURSION = YES;
				CLANG_WARN_INT_CONVERSION = YES;
				CLANG_WARN_NON_LITERAL_NULL_CONVERSION = YES;
				CLANG_WARN_OBJC_IMPLICIT_RETAIN_SELF = YES;
				CLANG_WARN_OBJC_LITERAL_CONVERSION = YES;
				CLANG_WARN_OBJC_ROOT_CLASS = YES_ERROR;
				CLANG_WARN_QUOTED_INCLUDE_IN_FRAMEWORK_HEADER = YES;
				CLANG_WARN_RANGE_LOOP_ANALYSIS = YES;
				CLANG_WARN_STRICT_PROTOTYPES = YES;
				CLANG_WARN_SUSPICIOUS_MOVE = YES;
				CLANG_WARN_UNGUARDED_AVAILABILITY = YES_AGGRESSIVE;
				CLANG_WARN_UNREACHABLE_CODE = YES;
				CLANG_WARN__DUPLICATE_METHOD_MATCH = YES;
				COPY_PHASE_STRIP = NO;
				DEBUG_INFORMATION_FORMAT = dwarf;
				ENABLE_STRICT_OBJC_MSGSEND = YES;
				ENABLE_TESTABILITY = YES;
				GCC_C_LANGUAGE_STANDARD = gnu11;
				GCC_DYNAMIC_NO_PIC = NO;
				GCC_NO_COMMON_BLOCKS = YES;
				GCC_OPTIMIZATION_LEVEL = 0;
				GCC_PREPROCESSOR_DEFINITIONS = (
					"DEBUG=1",
					"$(inherited)",
				);
				GCC_WARN_64_TO_32_BIT_CONVERSION = YES;
				GCC_WARN_ABOUT_RETURN_TYPE = YES_ERROR;
				GCC_WARN_UNDECLARED_SELECTOR = YES;
				GCC_WARN_UNINITIALIZED_AUTOS = YES_AGGRESSIVE;
				GCC_WARN_UNUSED_FUNCTION = YES;
				GCC_WARN_UNUSED_VARIABLE = YES;
				IPHONEOS_DEPLOYMENT_TARGET = 15.2;
				MTL_ENABLE_DEBUG_INFO = INCLUDE_SOURCE;
				MTL_FAST_MATH = YES;
				ONLY_ACTIVE_ARCH = YES;
				SDKROOT = iphoneos;
				SWIFT_ACTIVE_COMPILATION_CONDITIONS = DEBUG;
				SWIFT_OPTIMIZATION_LEVEL = "-Onone";
			};
			name = Debug;
		};
		89C9DC932817180C0080BFF3 /* Release */ = {
			isa = XCBuildConfiguration;
			buildSettings = {
				ALWAYS_SEARCH_USER_PATHS = NO;
				CLANG_ANALYZER_NONNULL = YES;
				CLANG_ANALYZER_NUMBER_OBJECT_CONVERSION = YES_AGGRESSIVE;
				CLANG_CXX_LANGUAGE_STANDARD = "gnu++17";
				CLANG_CXX_LIBRARY = "libc++";
				CLANG_ENABLE_MODULES = YES;
				CLANG_ENABLE_OBJC_ARC = YES;
				CLANG_ENABLE_OBJC_WEAK = YES;
				CLANG_WARN_BLOCK_CAPTURE_AUTORELEASING = YES;
				CLANG_WARN_BOOL_CONVERSION = YES;
				CLANG_WARN_COMMA = YES;
				CLANG_WARN_CONSTANT_CONVERSION = YES;
				CLANG_WARN_DEPRECATED_OBJC_IMPLEMENTATIONS = YES;
				CLANG_WARN_DIRECT_OBJC_ISA_USAGE = YES_ERROR;
				CLANG_WARN_DOCUMENTATION_COMMENTS = YES;
				CLANG_WARN_EMPTY_BODY = YES;
				CLANG_WARN_ENUM_CONVERSION = YES;
				CLANG_WARN_INFINITE_RECURSION = YES;
				CLANG_WARN_INT_CONVERSION = YES;
				CLANG_WARN_NON_LITERAL_NULL_CONVERSION = YES;
				CLANG_WARN_OBJC_IMPLICIT_RETAIN_SELF = YES;
				CLANG_WARN_OBJC_LITERAL_CONVERSION = YES;
				CLANG_WARN_OBJC_ROOT_CLASS = YES_ERROR;
				CLANG_WARN_QUOTED_INCLUDE_IN_FRAMEWORK_HEADER = YES;
				CLANG_WARN_RANGE_LOOP_ANALYSIS = YES;
				CLANG_WARN_STRICT_PROTOTYPES = YES;
				CLANG_WARN_SUSPICIOUS_MOVE = YES;
				CLANG_WARN_UNGUARDED_AVAILABILITY = YES_AGGRESSIVE;
				CLANG_WARN_UNREACHABLE_CODE = YES;
				CLANG_WARN__DUPLICATE_METHOD_MATCH = YES;
				COPY_PHASE_STRIP = NO;
				DEBUG_INFORMATION_FORMAT = "dwarf-with-dsym";
				ENABLE_NS_ASSERTIONS = NO;
				ENABLE_STRICT_OBJC_MSGSEND = YES;
				GCC_C_LANGUAGE_STANDARD = gnu11;
				GCC_NO_COMMON_BLOCKS = YES;
				GCC_WARN_64_TO_32_BIT_CONVERSION = YES;
				GCC_WARN_ABOUT_RETURN_TYPE = YES_ERROR;
				GCC_WARN_UNDECLARED_SELECTOR = YES;
				GCC_WARN_UNINITIALIZED_AUTOS = YES_AGGRESSIVE;
				GCC_WARN_UNUSED_FUNCTION = YES;
				GCC_WARN_UNUSED_VARIABLE = YES;
				IPHONEOS_DEPLOYMENT_TARGET = 15.2;
				MTL_ENABLE_DEBUG_INFO = NO;
				MTL_FAST_MATH = YES;
				SDKROOT = iphoneos;
				SWIFT_COMPILATION_MODE = wholemodule;
				SWIFT_OPTIMIZATION_LEVEL = "-O";
				VALIDATE_PRODUCT = YES;
			};
			name = Release;
		};
		89C9DC952817180C0080BFF3 /* Debug */ = {
			isa = XCBuildConfiguration;
			buildSettings = {
				ASSETCATALOG_COMPILER_APPICON_NAME = AppIcon;
				ASSETCATALOG_COMPILER_GLOBAL_ACCENT_COLOR_NAME = AccentColor;
				CODE_SIGN_STYLE = Automatic;
				CURRENT_PROJECT_VERSION = 1;
				DEVELOPMENT_ASSET_PATHS = "\"UnitiApp/Preview Content\"";
				DEVELOPMENT_TEAM = 2NDPZM9UA4;
				ENABLE_PREVIEWS = YES;
				GENERATE_INFOPLIST_FILE = YES;
				INFOPLIST_KEY_NSFaceIDUsageDescription = "UnitiApp a besoin d'utiliser Face ID pour valider votre identité";
				INFOPLIST_KEY_NSLocationWhenInUseUsageDescription = "UnitiApp a besoin de connaître l'emplacement des loyers.";
				INFOPLIST_KEY_UIApplicationSceneManifest_Generation = YES;
				INFOPLIST_KEY_UIApplicationSupportsIndirectInputEvents = YES;
				INFOPLIST_KEY_UILaunchScreen_Generation = YES;
				INFOPLIST_KEY_UISupportedInterfaceOrientations_iPad = "UIInterfaceOrientationPortrait UIInterfaceOrientationPortraitUpsideDown UIInterfaceOrientationLandscapeLeft UIInterfaceOrientationLandscapeRight";
				INFOPLIST_KEY_UISupportedInterfaceOrientations_iPhone = "UIInterfaceOrientationPortrait UIInterfaceOrientationLandscapeLeft UIInterfaceOrientationLandscapeRight";
				LD_RUNPATH_SEARCH_PATHS = (
					"$(inherited)",
					"@executable_path/Frameworks",
				);
				MARKETING_VERSION = 1.0;
				PRODUCT_BUNDLE_IDENTIFIER = ca.jonathancote.UnitiApp;
				PRODUCT_NAME = "Jonathan Cote";
				SWIFT_EMIT_LOC_STRINGS = YES;
				SWIFT_VERSION = 5.0;
				TARGETED_DEVICE_FAMILY = "1,2";
			};
			name = Debug;
		};
		89C9DC962817180C0080BFF3 /* Release */ = {
			isa = XCBuildConfiguration;
			buildSettings = {
				ASSETCATALOG_COMPILER_APPICON_NAME = AppIcon;
				ASSETCATALOG_COMPILER_GLOBAL_ACCENT_COLOR_NAME = AccentColor;
				CODE_SIGN_STYLE = Automatic;
				CURRENT_PROJECT_VERSION = 1;
				DEVELOPMENT_ASSET_PATHS = "\"UnitiApp/Preview Content\"";
				DEVELOPMENT_TEAM = 2NDPZM9UA4;
				ENABLE_PREVIEWS = YES;
				GENERATE_INFOPLIST_FILE = YES;
				INFOPLIST_KEY_NSFaceIDUsageDescription = "UnitiApp a besoin d'utiliser Face ID pour valider votre identité";
				INFOPLIST_KEY_NSLocationWhenInUseUsageDescription = "UnitiApp a besoin de connaître l'emplacement des loyers.";
				INFOPLIST_KEY_UIApplicationSceneManifest_Generation = YES;
				INFOPLIST_KEY_UIApplicationSupportsIndirectInputEvents = YES;
				INFOPLIST_KEY_UILaunchScreen_Generation = YES;
				INFOPLIST_KEY_UISupportedInterfaceOrientations_iPad = "UIInterfaceOrientationPortrait UIInterfaceOrientationPortraitUpsideDown UIInterfaceOrientationLandscapeLeft UIInterfaceOrientationLandscapeRight";
				INFOPLIST_KEY_UISupportedInterfaceOrientations_iPhone = "UIInterfaceOrientationPortrait UIInterfaceOrientationLandscapeLeft UIInterfaceOrientationLandscapeRight";
				LD_RUNPATH_SEARCH_PATHS = (
					"$(inherited)",
					"@executable_path/Frameworks",
				);
				MARKETING_VERSION = 1.0;
				PRODUCT_BUNDLE_IDENTIFIER = ca.jonathancote.UnitiApp;
				PRODUCT_NAME = "Jonathan Cote";
				SWIFT_EMIT_LOC_STRINGS = YES;
				SWIFT_VERSION = 5.0;
				TARGETED_DEVICE_FAMILY = "1,2";
			};
			name = Release;
		};
/* End XCBuildConfiguration section */

/* Begin XCConfigurationList section */
		89C9DC812817180B0080BFF3 /* Build configuration list for PBXProject "UnitiApp" */ = {
			isa = XCConfigurationList;
			buildConfigurations = (
				89C9DC922817180C0080BFF3 /* Debug */,
				89C9DC932817180C0080BFF3 /* Release */,
			);
			defaultConfigurationIsVisible = 0;
			defaultConfigurationName = Release;
		};
		89C9DC942817180C0080BFF3 /* Build configuration list for PBXNativeTarget "UnitiApp" */ = {
			isa = XCConfigurationList;
			buildConfigurations = (
				89C9DC952817180C0080BFF3 /* Debug */,
				89C9DC962817180C0080BFF3 /* Release */,
			);
			defaultConfigurationIsVisible = 0;
			defaultConfigurationName = Release;
		};
/* End XCConfigurationList section */
	};
	rootObject = 89C9DC7E2817180B0080BFF3 /* Project object */;
}
